
Microsoft Visual Studio Solution File, Format Version 12.00
# Visual Studio Version 16
VisualStudioVersion = 16.0.31501.217
MinimumVisualStudioVersion = 10.0.40219.1
Project("{9A19103F-16F7-4668-BE54-9A1E7A4F7556}") = "ChristmasClockController", "ChristmasClockController.csproj", "{3C98F0DD-DA81-4022-9B56-CD682265C594}"
EndProject
Global
	GlobalSection(SolutionConfigurationPlatforms) = preSolution
		Debug|Any CPU = Debug|Any CPU
		Release|Any CPU = Release|Any CPU
	EndGlobalSection
	GlobalSection(ProjectConfigurationPlatforms) = postSolution
		{3C98F0DD-DA81-4022-9B56-CD682265C594}.Debug|Any CPU.ActiveCfg = Debug|Any CPU
		{3C98F0DD-DA81-4022-9B56-CD682265C594}.Debug|Any CPU.Build.0 = Debug|Any CPU
		{3C98F0DD-DA81-4022-9B56-CD682265C594}.Release|Any CPU.ActiveCfg = Release|Any CPU
		{3C98F0DD-DA81-4022-9B56-CD682265C594}.Release|Any CPU.Build.0 = Release|Any CPU
	EndGlobalSection
	GlobalSection(SolutionProperties) = preSolution
		HideSolutionNode = FALSE
	EndGlobalSection
	GlobalSection(ExtensibilityGlobals) = postSolution
		SolutionGuid = {AA8D56F6-B3DF-4356-A428-265694387794}
	EndGlobalSection
EndGlobal
